
Microsoft Visual Studio Solution File, Format Version 12.00
# Visual Studio Version 16
VisualStudioVersion = 16.0.29411.108
MinimumVisualStudioVersion = 10.0.40219.1
Project("{FAE04EC0-301F-11D3-BF4B-00C04F79EFBC}") = "Connect four", "Connect four.csproj", "{4ACE53FA-D432-458D-A1B3-34742E386076}"
EndProject
Global
	GlobalSection(SolutionConfigurationPlatforms) = preSolution
		Debug|Any CPU = Debug|Any CPU
		Release|Any CPU = Release|Any CPU
	EndGlobalSection
	GlobalSection(ProjectConfigurationPlatforms) = postSolution
		{4ACE53FA-D432-458D-A1B3-34742E386076}.Debug|Any CPU.ActiveCfg = Debug|Any CPU
		{4ACE53FA-D432-458D-A1B3-34742E386076}.Debug|Any CPU.Build.0 = Debug|Any CPU
		{4ACE53FA-D432-458D-A1B3-34742E386076}.Debug|Any CPU.Deploy.0 = Debug|Any CPU
		{4ACE53FA-D432-458D-A1B3-34742E386076}.Release|Any CPU.ActiveCfg = Release|Any CPU
		{4ACE53FA-D432-458D-A1B3-34742E386076}.Release|Any CPU.Build.0 = Release|Any CPU
		{4ACE53FA-D432-458D-A1B3-34742E386076}.Release|Any CPU.Deploy.0 = Release|Any CPU
	EndGlobalSection
	GlobalSection(SolutionProperties) = preSolution
		HideSolutionNode = FALSE
	EndGlobalSection
	GlobalSection(ExtensibilityGlobals) = postSolution
		SolutionGuid = {DE82A35B-1102-4B86-A8CA-8993F3157D16}
	EndGlobalSection
EndGlobal
